
Microsoft Visual Studio Solution File, Format Version 12.00
# Visual Studio Version 16
VisualStudioVersion = 16.0.31424.327
MinimumVisualStudioVersion = 10.0.40219.1
Project("{FAE04EC0-301F-11D3-BF4B-00C04F79EFBC}") = "gyak06", "gyak06\gyak06.csproj", "{1F8D72EB-5288-4367-AB88-78F8559F2368}"
EndProject
Global
	GlobalSection(SolutionConfigurationPlatforms) = preSolution
		Debug|Any CPU = Debug|Any CPU
		Release|Any CPU = Release|Any CPU
	EndGlobalSection
	GlobalSection(ProjectConfigurationPlatforms) = postSolution
		{1F8D72EB-5288-4367-AB88-78F8559F2368}.Debug|Any CPU.ActiveCfg = Debug|Any CPU
		{1F8D72EB-5288-4367-AB88-78F8559F2368}.Debug|Any CPU.Build.0 = Debug|Any CPU
		{1F8D72EB-5288-4367-AB88-78F8559F2368}.Release|Any CPU.ActiveCfg = Release|Any CPU
		{1F8D72EB-5288-4367-AB88-78F8559F2368}.Release|Any CPU.Build.0 = Release|Any CPU
	EndGlobalSection
	GlobalSection(SolutionProperties) = preSolution
		HideSolutionNode = FALSE
	EndGlobalSection
	GlobalSection(ExtensibilityGlobals) = postSolution
		SolutionGuid = {AA085A61-A762-4F31-BCC2-F1990F6D0940}
	EndGlobalSection
EndGlobal
